// !$*UTF8*$!
{
	archiveVersion = 1;
	classes = {
	};
	objectVersion = 56;
	objects = {

/* Begin PBXBuildFile section */
		83720F0C2B63B22D00F4EC2A /* SentimentAnalysisApp.swift in Sources */ = {isa = PBXBuildFile; fileRef = 83720F0B2B63B22D00F4EC2A /* SentimentAnalysisApp.swift */; };
		83720F0E2B63B22D00F4EC2A /* ContentView.swift in Sources */ = {isa = PBXBuildFile; fileRef = 83720F0D2B63B22D00F4EC2A /* ContentView.swift */; };
		83720F102B63B22F00F4EC2A /* Assets.xcassets in Resources */ = {isa = PBXBuildFile; fileRef = 83720F0F2B63B22F00F4EC2A /* Assets.xcassets */; };
		83720F132B63B22F00F4EC2A /* Preview Assets.xcassets in Resources */ = {isa = PBXBuildFile; fileRef = 83720F122B63B22F00F4EC2A /* Preview Assets.xcassets */; };
		83720F1D2B63B23000F4EC2A /* SentimentAnalysisTests.swift in Sources */ = {isa = PBXBuildFile; fileRef = 83720F1C2B63B23000F4EC2A /* SentimentAnalysisTests.swift */; };
		83720F272B63B23000F4EC2A /* SentimentAnalysisUITests.swift in Sources */ = {isa = PBXBuildFile; fileRef = 83720F262B63B23000F4EC2A /* SentimentAnalysisUITests.swift */; };
		83720F292B63B23000F4EC2A /* SentimentAnalysisUITestsLaunchTests.swift in Sources */ = {isa = PBXBuildFile; fileRef = 83720F282B63B23000F4EC2A /* SentimentAnalysisUITestsLaunchTests.swift */; };
/* End PBXBuildFile section */

/* Begin PBXContainerItemProxy section */
		83720F192B63B23000F4EC2A /* PBXContainerItemProxy */ = {
			isa = PBXContainerItemProxy;
			containerPortal = 83720F002B63B22D00F4EC2A /* Project object */;
			proxyType = 1;
			remoteGlobalIDString = 83720F072B63B22D00F4EC2A;
			remoteInfo = SentimentAnalysis;
		};
		83720F232B63B23000F4EC2A /* PBXContainerItemProxy */ = {
			isa = PBXContainerItemProxy;
			containerPortal = 83720F002B63B22D00F4EC2A /* Project object */;
			proxyType = 1;
			remoteGlobalIDString = 83720F072B63B22D00F4EC2A;
			remoteInfo = SentimentAnalysis;
		};
/* End PBXContainerItemProxy section */

/* Begin PBXFileReference section */
		83720F082B63B22D00F4EC2A /* SentimentAnalysis.app */ = {isa = PBXFileReference; explicitFileType = wrapper.application; includeInIndex = 0; path = SentimentAnalysis.app; sourceTree = BUILT_PRODUCTS_DIR; };
		83720F0B2B63B22D00F4EC2A /* SentimentAnalysisApp.swift */ = {isa = PBXFileReference; lastKnownFileType = sourcecode.swift; path = SentimentAnalysisApp.swift; sourceTree = "<group>"; };
		83720F0D2B63B22D00F4EC2A /* ContentView.swift */ = {isa = PBXFileReference; lastKnownFileType = sourcecode.swift; path = ContentView.swift; sourceTree = "<group>"; };
		83720F0F2B63B22F00F4EC2A /* Assets.xcassets */ = {isa = PBXFileReference; lastKnownFileType = folder.assetcatalog; path = Assets.xcassets; sourceTree = "<group>"; };
		83720F122B63B22F00F4EC2A /* Preview Assets.xcassets */ = {isa = PBXFileReference; lastKnownFileType = folder.assetcatalog; path = "Preview Assets.xcassets"; sourceTree = "<group>"; };
		83720F182B63B23000F4EC2A /* SentimentAnalysisTests.xctest */ = {isa = PBXFileReference; explicitFileType = wrapper.cfbundle; includeInIndex = 0; path = SentimentAnalysisTests.xctest; sourceTree = BUILT_PRODUCTS_DIR; };
		83720F1C2B63B23000F4EC2A /* SentimentAnalysisTests.swift */ = {isa = PBXFileReference; lastKnownFileType = sourcecode.swift; path = SentimentAnalysisTests.swift; sourceTree = "<group>"; };
		83720F222B63B23000F4EC2A /* SentimentAnalysisUITests.xctest */ = {isa = PBXFileReference; explicitFileType = wrapper.cfbundle; includeInIndex = 0; path = SentimentAnalysisUITests.xctest; sourceTree = BUILT_PRODUCTS_DIR; };
		83720F262B63B23000F4EC2A /* SentimentAnalysisUITests.swift */ = {isa = PBXFileReference; lastKnownFileType = sourcecode.swift; path = SentimentAnalysisUITests.swift; sourceTree = "<group>"; };
		83720F282B63B23000F4EC2A /* SentimentAnalysisUITestsLaunchTests.swift */ = {isa = PBXFileReference; lastKnownFileType = sourcecode.swift; path = SentimentAnalysisUITestsLaunchTests.swift; sourceTree = "<group>"; };
/* End PBXFileReference section */

/* Begin PBXFrameworksBuildPhase section */
		83720F052B63B22D00F4EC2A /* Frameworks */ = {
			isa = PBXFrameworksBuildPhase;
			buildActionMask = 2147483647;
			files = (
			);
			runOnlyForDeploymentPostprocessing = 0;
		};
		83720F152B63B23000F4EC2A /* Frameworks */ = {
			isa = PBXFrameworksBuildPhase;
			buildActionMask = 2147483647;
			files = (
			);
			runOnlyForDeploymentPostprocessing = 0;
		};
		83720F1F2B63B23000F4EC2A /* Frameworks */ = {
			isa = PBXFrameworksBuildPhase;
			buildActionMask = 2147483647;
			files = (
			);
			runOnlyForDeploymentPostprocessing = 0;
		};
/* End PBXFrameworksBuildPhase section */

/* Begin PBXGroup section */
		83720EFF2B63B22D00F4EC2A = {
			isa = PBXGroup;
			children = (
				83720F0A2B63B22D00F4EC2A /* SentimentAnalysis */,
				83720F1B2B63B23000F4EC2A /* SentimentAnalysisTests */,
				83720F252B63B23000F4EC2A /* SentimentAnalysisUITests */,
				83720F092B63B22D00F4EC2A /* Products */,
			);
			sourceTree = "<group>";
		};
		83720F092B63B22D00F4EC2A /* Products */ = {
			isa = PBXGroup;
			children = (
				83720F082B63B22D00F4EC2A /* SentimentAnalysis.app */,
				83720F182B63B23000F4EC2A /* SentimentAnalysisTests.xctest */,
				83720F222B63B23000F4EC2A /* SentimentAnalysisUITests.xctest */,
			);
			name = Products;
			sourceTree = "<group>";
		};
		83720F0A2B63B22D00F4EC2A /* SentimentAnalysis */ = {
			isa = PBXGroup;
			children = (
				83720F0B2B63B22D00F4EC2A /* SentimentAnalysisApp.swift */,
				83720F0D2B63B22D00F4EC2A /* ContentView.swift */,
				83720F0F2B63B22F00F4EC2A /* Assets.xcassets */,
				83720F112B63B22F00F4EC2A /* Preview Content */,
			);
			path = SentimentAnalysis;
			sourceTree = "<group>";
		};
		83720F112B63B22F00F4EC2A /* Preview Content */ = {
			isa = PBXGroup;
			children = (
				83720F122B63B22F00F4EC2A /* Preview Assets.xcassets */,
			);
			path = "Preview Content";
			sourceTree = "<group>";
		};
		83720F1B2B63B23000F4EC2A /* SentimentAnalysisTests */ = {
			isa = PBXGroup;
			children = (
				83720F1C2B63B23000F4EC2A /* SentimentAnalysisTests.swift */,
			);
			path = SentimentAnalysisTests;
			sourceTree = "<group>";
		};
		83720F252B63B23000F4EC2A /* SentimentAnalysisUITests */ = {
			isa = PBXGroup;
			children = (
				83720F262B63B23000F4EC2A /* SentimentAnalysisUITests.swift */,
				83720F282B63B23000F4EC2A /* SentimentAnalysisUITestsLaunchTests.swift */,
			);
			path = SentimentAnalysisUITests;
			sourceTree = "<group>";
		};
/* End PBXGroup section */

/* Begin PBXNativeTarget section */
		83720F072B63B22D00F4EC2A /* SentimentAnalysis */ = {
			isa = PBXNativeTarget;
			buildConfigurationList = 83720F2C2B63B23000F4EC2A /* Build configuration list for PBXNativeTarget "SentimentAnalysis" */;
			buildPhases = (
				83720F042B63B22D00F4EC2A /* Sources */,
				83720F052B63B22D00F4EC2A /* Frameworks */,
				83720F062B63B22D00F4EC2A /* Resources */,
			);
			buildRules = (
			);
			dependencies = (
			);
			name = SentimentAnalysis;
			productName = SentimentAnalysis;
			productReference = 83720F082B63B22D00F4EC2A /* SentimentAnalysis.app */;
			productType = "com.apple.product-type.application";
		};
		83720F172B63B23000F4EC2A /* SentimentAnalysisTests */ = {
			isa = PBXNativeTarget;
			buildConfigurationList = 83720F2F2B63B23000F4EC2A /* Build configuration list for PBXNativeTarget "SentimentAnalysisTests" */;
			buildPhases = (
				83720F142B63B23000F4EC2A /* Sources */,
				83720F152B63B23000F4EC2A /* Frameworks */,
				83720F162B63B23000F4EC2A /* Resources */,
			);
			buildRules = (
			);
			dependencies = (
				83720F1A2B63B23000F4EC2A /* PBXTargetDependency */,
			);
			name = SentimentAnalysisTests;
			productName = SentimentAnalysisTests;
			productReference = 83720F182B63B23000F4EC2A /* SentimentAnalysisTests.xctest */;
			productType = "com.apple.product-type.bundle.unit-test";
		};
		83720F212B63B23000F4EC2A /* SentimentAnalysisUITests */ = {
			isa = PBXNativeTarget;
			buildConfigurationList = 83720F322B63B23000F4EC2A /* Build configuration list for PBXNativeTarget "SentimentAnalysisUITests" */;
			buildPhases = (
				83720F1E2B63B23000F4EC2A /* Sources */,
				83720F1F2B63B23000F4EC2A /* Frameworks */,
				83720F202B63B23000F4EC2A /* Resources */,
			);
			buildRules = (
			);
			dependencies = (
				83720F242B63B23000F4EC2A /* PBXTargetDependency */,
			);
			name = SentimentAnalysisUITests;
			productName = SentimentAnalysisUITests;
			productReference = 83720F222B63B23000F4EC2A /* SentimentAnalysisUITests.xctest */;
			productType = "com.apple.product-type.bundle.ui-testing";
		};
/* End PBXNativeTarget section */

/* Begin PBXProject section */
		83720F002B63B22D00F4EC2A /* Project object */ = {
			isa = PBXProject;
			attributes = {
				BuildIndependentTargetsInParallel = 1;
				LastSwiftUpdateCheck = 1500;
				LastUpgradeCheck = 1500;
				TargetAttributes = {
					83720F072B63B22D00F4EC2A = {
						CreatedOnToolsVersion = 15.0.1;
					};
					83720F172B63B23000F4EC2A = {
						CreatedOnToolsVersion = 15.0.1;
						TestTargetID = 83720F072B63B22D00F4EC2A;
					};
					83720F212B63B23000F4EC2A = {
						CreatedOnToolsVersion = 15.0.1;
						TestTargetID = 83720F072B63B22D00F4EC2A;
					};
				};
			};
			buildConfigurationList = 83720F032B63B22D00F4EC2A /* Build configuration list for PBXProject "SentimentAnalysis" */;
			compatibilityVersion = "Xcode 14.0";
			developmentRegion = en;
			hasScannedForEncodings = 0;
			knownRegions = (
				en,
				Base,
			);
			mainGroup = 83720EFF2B63B22D00F4EC2A;
			productRefGroup = 83720F092B63B22D00F4EC2A /* Products */;
			projectDirPath = "";
			projectRoot = "";
			targets = (
				83720F072B63B22D00F4EC2A /* SentimentAnalysis */,
				83720F172B63B23000F4EC2A /* SentimentAnalysisTests */,
				83720F212B63B23000F4EC2A /* SentimentAnalysisUITests */,
			);
		};
/* End PBXProject section */

/* Begin PBXResourcesBuildPhase section */
		83720F062B63B22D00F4EC2A /* Resources */ = {
			isa = PBXResourcesBuildPhase;
			buildActionMask = 2147483647;
			files = (
				83720F132B63B22F00F4EC2A /* Preview Assets.xcassets in Resources */,
				83720F102B63B22F00F4EC2A /* Assets.xcassets in Resources */,
			);
			runOnlyForDeploymentPostprocessing = 0;
		};
		83720F162B63B23000F4EC2A /* Resources */ = {
			isa = PBXResourcesBuildPhase;
			buildActionMask = 2147483647;
			files = (
			);
			runOnlyForDeploymentPostprocessing = 0;
		};
		83720F202B63B23000F4EC2A /* Resources */ = {
			isa = PBXResourcesBuildPhase;
			buildActionMask = 2147483647;
			files = (
			);
			runOnlyForDeploymentPostprocessing = 0;
		};
/* End PBXResourcesBuildPhase section */

/* Begin PBXSourcesBuildPhase section */
		83720F042B63B22D00F4EC2A /* Sources */ = {
			isa = PBXSourcesBuildPhase;
			buildActionMask = 2147483647;
			files = (
				83720F0E2B63B22D00F4EC2A /* ContentView.swift in Sources */,
				83720F0C2B63B22D00F4EC2A /* SentimentAnalysisApp.swift in Sources */,
			);
			runOnlyForDeploymentPostprocessing = 0;
		};
		83720F142B63B23000F4EC2A /* Sources */ = {
			isa = PBXSourcesBuildPhase;
			buildActionMask = 2147483647;
			files = (
				83720F1D2B63B23000F4EC2A /* SentimentAnalysisTests.swift in Sources */,
			);
			runOnlyForDeploymentPostprocessing = 0;
		};
		83720F1E2B63B23000F4EC2A /* Sources */ = {
			isa = PBXSourcesBuildPhase;
			buildActionMask = 2147483647;
			files = (
				83720F292B63B23000F4EC2A /* SentimentAnalysisUITestsLaunchTests.swift in Sources */,
				83720F272B63B23000F4EC2A /* SentimentAnalysisUITests.swift in Sources */,
			);
			runOnlyForDeploymentPostprocessing = 0;
		};
/* End PBXSourcesBuildPhase section */

/* Begin PBXTargetDependency section */
		83720F1A2B63B23000F4EC2A /* PBXTargetDependency */ = {
			isa = PBXTargetDependency;
			target = 83720F072B63B22D00F4EC2A /* SentimentAnalysis */;
			targetProxy = 83720F192B63B23000F4EC2A /* PBXContainerItemProxy */;
		};
		83720F242B63B23000F4EC2A /* PBXTargetDependency */ = {
			isa = PBXTargetDependency;
			target = 83720F072B63B22D00F4EC2A /* SentimentAnalysis */;
			targetProxy = 83720F232B63B23000F4EC2A /* PBXContainerItemProxy */;
		};
/* End PBXTargetDependency section */

/* Begin XCBuildConfiguration section */
		83720F2A2B63B23000F4EC2A /* Debug */ = {
			isa = XCBuildConfiguration;
			buildSettings = {
				ALWAYS_SEARCH_USER_PATHS = NO;
				ASSETCATALOG_COMPILER_GENERATE_SWIFT_ASSET_SYMBOL_EXTENSIONS = YES;
				CLANG_ANALYZER_NONNULL = YES;
				CLANG_ANALYZER_NUMBER_OBJECT_CONVERSION = YES_AGGRESSIVE;
				CLANG_CXX_LANGUAGE_STANDARD = "gnu++20";
				CLANG_ENABLE_MODULES = YES;
				CLANG_ENABLE_OBJC_ARC = YES;
				CLANG_ENABLE_OBJC_WEAK = YES;
				CLANG_WARN_BLOCK_CAPTURE_AUTORELEASING = YES;
				CLANG_WARN_BOOL_CONVERSION = YES;
				CLANG_WARN_COMMA = YES;
				CLANG_WARN_CONSTANT_CONVERSION = YES;
				CLANG_WARN_DEPRECATED_OBJC_IMPLEMENTATIONS = YES;
				CLANG_WARN_DIRECT_OBJC_ISA_USAGE = YES_ERROR;
				CLANG_WARN_DOCUMENTATION_COMMENTS = YES;
				CLANG_WARN_EMPTY_BODY = YES;
				CLANG_WARN_ENUM_CONVERSION = YES;
				CLANG_WARN_INFINITE_RECURSION = YES;
				CLANG_WARN_INT_CONVERSION = YES;
				CLANG_WARN_NON_LITERAL_NULL_CONVERSION = YES;
				CLANG_WARN_OBJC_IMPLICIT_RETAIN_SELF = YES;
				CLANG_WARN_OBJC_LITERAL_CONVERSION = YES;
				CLANG_WARN_OBJC_ROOT_CLASS = YES_ERROR;
				CLANG_WARN_QUOTED_INCLUDE_IN_FRAMEWORK_HEADER = YES;
				CLANG_WARN_RANGE_LOOP_ANALYSIS = YES;
				CLANG_WARN_STRICT_PROTOTYPES = YES;
				CLANG_WARN_SUSPICIOUS_MOVE = YES;
				CLANG_WARN_UNGUARDED_AVAILABILITY = YES_AGGRESSIVE;
				CLANG_WARN_UNREACHABLE_CODE = YES;
				CLANG_WARN__DUPLICATE_METHOD_MATCH = YES;
				COPY_PHASE_STRIP = NO;
				DEBUG_INFORMATION_FORMAT = dwarf;
				ENABLE_STRICT_OBJC_MSGSEND = YES;
				ENABLE_TESTABILITY = YES;
				ENABLE_USER_SCRIPT_SANDBOXING = YES;
				GCC_C_LANGUAGE_STANDARD = gnu17;
				GCC_DYNAMIC_NO_PIC = NO;
				GCC_NO_COMMON_BLOCKS = YES;
				GCC_OPTIMIZATION_LEVEL = 0;
				GCC_PREPROCESSOR_DEFINITIONS = (
					"DEBUG=1",
					"$(inherited)",
				);
				GCC_WARN_64_TO_32_BIT_CONVERSION = YES;
				GCC_WARN_ABOUT_RETURN_TYPE = YES_ERROR;
				GCC_WARN_UNDECLARED_SELECTOR = YES;
				GCC_WARN_UNINITIALIZED_AUTOS = YES_AGGRESSIVE;
				GCC_WARN_UNUSED_FUNCTION = YES;
				GCC_WARN_UNUSED_VARIABLE = YES;
				IPHONEOS_DEPLOYMENT_TARGET = 17.0;
				LOCALIZATION_PREFERS_STRING_CATALOGS = YES;
				MTL_ENABLE_DEBUG_INFO = INCLUDE_SOURCE;
				MTL_FAST_MATH = YES;
				ONLY_ACTIVE_ARCH = YES;
				SDKROOT = iphoneos;
				SWIFT_ACTIVE_COMPILATION_CONDITIONS = "DEBUG $(inherited)";
				SWIFT_OPTIMIZATION_LEVEL = "-Onone";
			};
			name = Debug;
		};
		83720F2B2B63B23000F4EC2A /* Release */ = {
			isa = XCBuildConfiguration;
			buildSettings = {
				ALWAYS_SEARCH_USER_PATHS = NO;
				ASSETCATALOG_COMPILER_GENERATE_SWIFT_ASSET_SYMBOL_EXTENSIONS = YES;
				CLANG_ANALYZER_NONNULL = YES;
				CLANG_ANALYZER_NUMBER_OBJECT_CONVERSION = YES_AGGRESSIVE;
				CLANG_CXX_LANGUAGE_STANDARD = "gnu++20";
				CLANG_ENABLE_MODULES = YES;
				CLANG_ENABLE_OBJC_ARC = YES;
				CLANG_ENABLE_OBJC_WEAK = YES;
				CLANG_WARN_BLOCK_CAPTURE_AUTORELEASING = YES;
				CLANG_WARN_BOOL_CONVERSION = YES;
				CLANG_WARN_COMMA = YES;
				CLANG_WARN_CONSTANT_CONVERSION = YES;
				CLANG_WARN_DEPRECATED_OBJC_IMPLEMENTATIONS = YES;
				CLANG_WARN_DIRECT_OBJC_ISA_USAGE = YES_ERROR;
				CLANG_WARN_DOCUMENTATION_COMMENTS = YES;
				CLANG_WARN_EMPTY_BODY = YES;
				CLANG_WARN_ENUM_CONVERSION = YES;
				CLANG_WARN_INFINITE_RECURSION = YES;
				CLANG_WARN_INT_CONVERSION = YES;
				CLANG_WARN_NON_LITERAL_NULL_CONVERSION = YES;
				CLANG_WARN_OBJC_IMPLICIT_RETAIN_SELF = YES;
				CLANG_WARN_OBJC_LITERAL_CONVERSION = YES;
				CLANG_WARN_OBJC_ROOT_CLASS = YES_ERROR;
				CLANG_WARN_QUOTED_INCLUDE_IN_FRAMEWORK_HEADER = YES;
				CLANG_WARN_RANGE_LOOP_ANALYSIS = YES;
				CLANG_WARN_STRICT_PROTOTYPES = YES;
				CLANG_WARN_SUSPICIOUS_MOVE = YES;
				CLANG_WARN_UNGUARDED_AVAILABILITY = YES_AGGRESSIVE;
				CLANG_WARN_UNREACHABLE_CODE = YES;
				CLANG_WARN__DUPLICATE_METHOD_MATCH = YES;
				COPY_PHASE_STRIP = NO;
				DEBUG_INFORMATION_FORMAT = "dwarf-with-dsym";
				ENABLE_NS_ASSERTIONS = NO;
				ENABLE_STRICT_OBJC_MSGSEND = YES;
				ENABLE_USER_SCRIPT_SANDBOXING = YES;
				GCC_C_LANGUAGE_STANDARD = gnu17;
				GCC_NO_COMMON_BLOCKS = YES;
				GCC_WARN_64_TO_32_BIT_CONVERSION = YES;
				GCC_WARN_ABOUT_RETURN_TYPE = YES_ERROR;
				GCC_WARN_UNDECLARED_SELECTOR = YES;
				GCC_WARN_UNINITIALIZED_AUTOS = YES_AGGRESSIVE;
				GCC_WARN_UNUSED_FUNCTION = YES;
				GCC_WARN_UNUSED_VARIABLE = YES;
				IPHONEOS_DEPLOYMENT_TARGET = 17.0;
				LOCALIZATION_PREFERS_STRING_CATALOGS = YES;
				MTL_ENABLE_DEBUG_INFO = NO;
				MTL_FAST_MATH = YES;
				SDKROOT = iphoneos;
				SWIFT_COMPILATION_MODE = wholemodule;
				VALIDATE_PRODUCT = YES;
			};
			name = Release;
		};
		83720F2D2B63B23000F4EC2A /* Debug */ = {
			isa = XCBuildConfiguration;
			buildSettings = {
				ASSETCATALOG_COMPILER_APPICON_NAME = AppIcon;
				ASSETCATALOG_COMPILER_GLOBAL_ACCENT_COLOR_NAME = AccentColor;
				CODE_SIGN_STYLE = Automatic;
				CURRENT_PROJECT_VERSION = 1;
				DEVELOPMENT_ASSET_PATHS = "\"SentimentAnalysis/Preview Content\"";
				ENABLE_PREVIEWS = YES;
				GENERATE_INFOPLIST_FILE = YES;
				INFOPLIST_KEY_UIApplicationSceneManifest_Generation = YES;
				INFOPLIST_KEY_UIApplicationSupportsIndirectInputEvents = YES;
				INFOPLIST_KEY_UILaunchScreen_Generation = YES;
				INFOPLIST_KEY_UISupportedInterfaceOrientations_iPad = "UIInterfaceOrientationPortrait UIInterfaceOrientationPortraitUpsideDown UIInterfaceOrientationLandscapeLeft UIInterfaceOrientationLandscapeRight";
				INFOPLIST_KEY_UISupportedInterfaceOrientations_iPhone = "UIInterfaceOrientationPortrait UIInterfaceOrientationLandscapeLeft UIInterfaceOrientationLandscapeRight";
				LD_RUNPATH_SEARCH_PATHS = (
					"$(inherited)",
					"@executable_path/Frameworks",
				);
				MARKETING_VERSION = 1.0;
				PRODUCT_BUNDLE_IDENTIFIER = "iut-loris.SentimentAnalysis";
				PRODUCT_NAME = "$(TARGET_NAME)";
				SWIFT_EMIT_LOC_STRINGS = YES;
				SWIFT_VERSION = 5.0;
				TARGETED_DEVICE_FAMILY = "1,2";
			};
			name = Debug;
		};
		83720F2E2B63B23000F4EC2A /* Release */ = {
			isa = XCBuildConfiguration;
			buildSettings = {
				ASSETCATALOG_COMPILER_APPICON_NAME = AppIcon;
				ASSETCATALOG_COMPILER_GLOBAL_ACCENT_COLOR_NAME = AccentColor;
				CODE_SIGN_STYLE = Automatic;
				CURRENT_PROJECT_VERSION = 1;
				DEVELOPMENT_ASSET_PATHS = "\"SentimentAnalysis/Preview Content\"";
				ENABLE_PREVIEWS = YES;
				GENERATE_INFOPLIST_FILE = YES;
				INFOPLIST_KEY_UIApplicationSceneManifest_Generation = YES;
				INFOPLIST_KEY_UIApplicationSupportsIndirectInputEvents = YES;
				INFOPLIST_KEY_UILaunchScreen_Generation = YES;
				INFOPLIST_KEY_UISupportedInterfaceOrientations_iPad = "UIInterfaceOrientationPortrait UIInterfaceOrientationPortraitUpsideDown UIInterfaceOrientationLandscapeLeft UIInterfaceOrientationLandscapeRight";
				INFOPLIST_KEY_UISupportedInterfaceOrientations_iPhone = "UIInterfaceOrientationPortrait UIInterfaceOrientationLandscapeLeft UIInterfaceOrientationLandscapeRight";
				LD_RUNPATH_SEARCH_PATHS = (
					"$(inherited)",
					"@executable_path/Frameworks",
				);
				MARKETING_VERSION = 1.0;
				PRODUCT_BUNDLE_IDENTIFIER = "iut-loris.SentimentAnalysis";
				PRODUCT_NAME = "$(TARGET_NAME)";
				SWIFT_EMIT_LOC_STRINGS = YES;
				SWIFT_VERSION = 5.0;
				TARGETED_DEVICE_FAMILY = "1,2";
			};
			name = Release;
		};
		83720F302B63B23000F4EC2A /* Debug */ = {
			isa = XCBuildConfiguration;
			buildSettings = {
				ALWAYS_EMBED_SWIFT_STANDARD_LIBRARIES = YES;
				BUNDLE_LOADER = "$(TEST_HOST)";
				CODE_SIGN_STYLE = Automatic;
				CURRENT_PROJECT_VERSION = 1;
				GENERATE_INFOPLIST_FILE = YES;
				IPHONEOS_DEPLOYMENT_TARGET = 17.0;
				MARKETING_VERSION = 1.0;
				PRODUCT_BUNDLE_IDENTIFIER = "iut-loris.SentimentAnalysisTests";
				PRODUCT_NAME = "$(TARGET_NAME)";
				SWIFT_EMIT_LOC_STRINGS = NO;
				SWIFT_VERSION = 5.0;
				TARGETED_DEVICE_FAMILY = "1,2";
				TEST_HOST = "$(BUILT_PRODUCTS_DIR)/SentimentAnalysis.app/$(BUNDLE_EXECUTABLE_FOLDER_PATH)/SentimentAnalysis";
			};
			name = Debug;
		};
		83720F312B63B23000F4EC2A /* Release */ = {
			isa = XCBuildConfiguration;
			buildSettings = {
				ALWAYS_EMBED_SWIFT_STANDARD_LIBRARIES = YES;
				BUNDLE_LOADER = "$(TEST_HOST)";
				CODE_SIGN_STYLE = Automatic;
				CURRENT_PROJECT_VERSION = 1;
				GENERATE_INFOPLIST_FILE = YES;
				IPHONEOS_DEPLOYMENT_TARGET = 17.0;
				MARKETING_VERSION = 1.0;
				PRODUCT_BUNDLE_IDENTIFIER = "iut-loris.SentimentAnalysisTests";
				PRODUCT_NAME = "$(TARGET_NAME)";
				SWIFT_EMIT_LOC_STRINGS = NO;
				SWIFT_VERSION = 5.0;
				TARGETED_DEVICE_FAMILY = "1,2";
				TEST_HOST = "$(BUILT_PRODUCTS_DIR)/SentimentAnalysis.app/$(BUNDLE_EXECUTABLE_FOLDER_PATH)/SentimentAnalysis";
			};
			name = Release;
		};
		83720F332B63B23000F4EC2A /* Debug */ = {
			isa = XCBuildConfiguration;
			buildSettings = {
				ALWAYS_EMBED_SWIFT_STANDARD_LIBRARIES = YES;
				CODE_SIGN_STYLE = Automatic;
				CURRENT_PROJECT_VERSION = 1;
				GENERATE_INFOPLIST_FILE = YES;
				MARKETING_VERSION = 1.0;
				PRODUCT_BUNDLE_IDENTIFIER = "iut-loris.SentimentAnalysisUITests";
				PRODUCT_NAME = "$(TARGET_NAME)";
				SWIFT_EMIT_LOC_STRINGS = NO;
				SWIFT_VERSION = 5.0;
				TARGETED_DEVICE_FAMILY = "1,2";
				TEST_TARGET_NAME = SentimentAnalysis;
			};
			name = Debug;
		};
		83720F342B63B23000F4EC2A /* Release */ = {
			isa = XCBuildConfiguration;
			buildSettings = {
				ALWAYS_EMBED_SWIFT_STANDARD_LIBRARIES = YES;
				CODE_SIGN_STYLE = Automatic;
				CURRENT_PROJECT_VERSION = 1;
				GENERATE_INFOPLIST_FILE = YES;
				MARKETING_VERSION = 1.0;
				PRODUCT_BUNDLE_IDENTIFIER = "iut-loris.SentimentAnalysisUITests";
				PRODUCT_NAME = "$(TARGET_NAME)";
				SWIFT_EMIT_LOC_STRINGS = NO;
				SWIFT_VERSION = 5.0;
				TARGETED_DEVICE_FAMILY = "1,2";
				TEST_TARGET_NAME = SentimentAnalysis;
			};
			name = Release;
		};
/* End XCBuildConfiguration section */

/* Begin XCConfigurationList section */
		83720F032B63B22D00F4EC2A /* Build configuration list for PBXProject "SentimentAnalysis" */ = {
			isa = XCConfigurationList;
			buildConfigurations = (
				83720F2A2B63B23000F4EC2A /* Debug */,
				83720F2B2B63B23000F4EC2A /* Release */,
			);
			defaultConfigurationIsVisible = 0;
			defaultConfigurationName = Release;
		};
		83720F2C2B63B23000F4EC2A /* Build configuration list for PBXNativeTarget "SentimentAnalysis" */ = {
			isa = XCConfigurationList;
			buildConfigurations = (
				83720F2D2B63B23000F4EC2A /* Debug */,
				83720F2E2B63B23000F4EC2A /* Release */,
			);
			defaultConfigurationIsVisible = 0;
			defaultConfigurationName = Release;
		};
		83720F2F2B63B23000F4EC2A /* Build configuration list for PBXNativeTarget "SentimentAnalysisTests" */ = {
			isa = XCConfigurationList;
			buildConfigurations = (
				83720F302B63B23000F4EC2A /* Debug */,
				83720F312B63B23000F4EC2A /* Release */,
			);
			defaultConfigurationIsVisible = 0;
			defaultConfigurationName = Release;
		};
		83720F322B63B23000F4EC2A /* Build configuration list for PBXNativeTarget "SentimentAnalysisUITests" */ = {
			isa = XCConfigurationList;
			buildConfigurations = (
				83720F332B63B23000F4EC2A /* Debug */,
				83720F342B63B23000F4EC2A /* Release */,
			);
			defaultConfigurationIsVisible = 0;
			defaultConfigurationName = Release;
		};
/* End XCConfigurationList section */
	};
	rootObject = 83720F002B63B22D00F4EC2A /* Project object */;
}
